
Microsoft Visual Studio Solution File, Format Version 12.00
# Visual Studio Version 17
VisualStudioVersion = 17.1.32319.34
MinimumVisualStudioVersion = 10.0.40219.1
Project("{FAE04EC0-301F-11D3-BF4B-00C04F79EFBC}") = "PerimetroCirculo", "PerimetroCirculo.csproj", "{11B4CA55-E44F-4ED7-8CC0-505C081D1369}"
EndProject
Global
	GlobalSection(SolutionConfigurationPlatforms) = preSolution
		Debug|Any CPU = Debug|Any CPU
		Release|Any CPU = Release|Any CPU
	EndGlobalSection
	GlobalSection(ProjectConfigurationPlatforms) = postSolution
		{11B4CA55-E44F-4ED7-8CC0-505C081D1369}.Debug|Any CPU.ActiveCfg = Debug|Any CPU
		{11B4CA55-E44F-4ED7-8CC0-505C081D1369}.Debug|Any CPU.Build.0 = Debug|Any CPU
		{11B4CA55-E44F-4ED7-8CC0-505C081D1369}.Release|Any CPU.ActiveCfg = Release|Any CPU
		{11B4CA55-E44F-4ED7-8CC0-505C081D1369}.Release|Any CPU.Build.0 = Release|Any CPU
	EndGlobalSection
	GlobalSection(SolutionProperties) = preSolution
		HideSolutionNode = FALSE
	EndGlobalSection
	GlobalSection(ExtensibilityGlobals) = postSolution
		SolutionGuid = {C0B81595-91D9-49D3-A730-B07D1604921B}
	EndGlobalSection
EndGlobal
