
Microsoft Visual Studio Solution File, Format Version 12.00
# Visual Studio Version 17
VisualStudioVersion = 17.1.32319.34
MinimumVisualStudioVersion = 10.0.40219.1
Project("{FAE04EC0-301F-11D3-BF4B-00C04F79EFBC}") = "Calculadora", "Calculadora.csproj", "{6278D704-C063-4E24-B67B-1A2DABAB2142}"
EndProject
Global
	GlobalSection(SolutionConfigurationPlatforms) = preSolution
		Debug|Any CPU = Debug|Any CPU
		Release|Any CPU = Release|Any CPU
	EndGlobalSection
	GlobalSection(ProjectConfigurationPlatforms) = postSolution
		{6278D704-C063-4E24-B67B-1A2DABAB2142}.Debug|Any CPU.ActiveCfg = Debug|Any CPU
		{6278D704-C063-4E24-B67B-1A2DABAB2142}.Debug|Any CPU.Build.0 = Debug|Any CPU
		{6278D704-C063-4E24-B67B-1A2DABAB2142}.Release|Any CPU.ActiveCfg = Release|Any CPU
		{6278D704-C063-4E24-B67B-1A2DABAB2142}.Release|Any CPU.Build.0 = Release|Any CPU
	EndGlobalSection
	GlobalSection(SolutionProperties) = preSolution
		HideSolutionNode = FALSE
	EndGlobalSection
	GlobalSection(ExtensibilityGlobals) = postSolution
		SolutionGuid = {16F3BF03-9A41-4858-865F-4D5851576E56}
	EndGlobalSection
EndGlobal
